
Microsoft Visual Studio Solution File, Format Version 12.00
# Visual Studio 15
VisualStudioVersion = 15.0.26730.16
MinimumVisualStudioVersion = 10.0.40219.1
Project("{9A19103F-16F7-4668-BE54-9A1E7A4F7556}") = "AboutNetCore.Version1_0", "AboutNetCore.Version1.0\AboutNetCore.Version1_0.csproj", "{C6FE2B0D-3F76-4AF3-8BD4-73C71565EA7D}"
EndProject
Project("{FAE04EC0-301F-11D3-BF4B-00C04F79EFBC}") = "AboutNetCore.Version1_0.DefaultTemplate", "AboutNetCore.Version1_0.DefaultTemplate\AboutNetCore.Version1_0.DefaultTemplate.csproj", "{DBD4E5CB-4835-412C-BCD2-D0D14A2EAA23}"
EndProject
Project("{FAE04EC0-301F-11D3-BF4B-00C04F79EFBC}") = "AboutNetCore.Version1_0.WebApi", "AboutNetCore.Version1_0.WebApi\AboutNetCore.Version1_0.WebApi.csproj", "{F9B479CB-8BA3-459F-811F-F2AF1B48C0B1}"
EndProject
Global
	GlobalSection(SolutionConfigurationPlatforms) = preSolution
		Debug|Any CPU = Debug|Any CPU
		Release|Any CPU = Release|Any CPU
	EndGlobalSection
	GlobalSection(ProjectConfigurationPlatforms) = postSolution
		{C6FE2B0D-3F76-4AF3-8BD4-73C71565EA7D}.Debug|Any CPU.ActiveCfg = Debug|Any CPU
		{C6FE2B0D-3F76-4AF3-8BD4-73C71565EA7D}.Debug|Any CPU.Build.0 = Debug|Any CPU
		{C6FE2B0D-3F76-4AF3-8BD4-73C71565EA7D}.Release|Any CPU.ActiveCfg = Release|Any CPU
		{C6FE2B0D-3F76-4AF3-8BD4-73C71565EA7D}.Release|Any CPU.Build.0 = Release|Any CPU
		{DBD4E5CB-4835-412C-BCD2-D0D14A2EAA23}.Debug|Any CPU.ActiveCfg = Debug|Any CPU
		{DBD4E5CB-4835-412C-BCD2-D0D14A2EAA23}.Debug|Any CPU.Build.0 = Debug|Any CPU
		{DBD4E5CB-4835-412C-BCD2-D0D14A2EAA23}.Release|Any CPU.ActiveCfg = Release|Any CPU
		{DBD4E5CB-4835-412C-BCD2-D0D14A2EAA23}.Release|Any CPU.Build.0 = Release|Any CPU
		{F9B479CB-8BA3-459F-811F-F2AF1B48C0B1}.Debug|Any CPU.ActiveCfg = Debug|Any CPU
		{F9B479CB-8BA3-459F-811F-F2AF1B48C0B1}.Debug|Any CPU.Build.0 = Debug|Any CPU
		{F9B479CB-8BA3-459F-811F-F2AF1B48C0B1}.Release|Any CPU.ActiveCfg = Release|Any CPU
		{F9B479CB-8BA3-459F-811F-F2AF1B48C0B1}.Release|Any CPU.Build.0 = Release|Any CPU
	EndGlobalSection
	GlobalSection(SolutionProperties) = preSolution
		HideSolutionNode = FALSE
	EndGlobalSection
	GlobalSection(ExtensibilityGlobals) = postSolution
		SolutionGuid = {701A3F96-F2A2-4363-A246-C57643548341}
	EndGlobalSection
EndGlobal
