
Microsoft Visual Studio Solution File, Format Version 12.00
# Visual Studio Version 16
VisualStudioVersion = 16.0.30517.126
MinimumVisualStudioVersion = 10.0.40219.1
Project("{FAE04EC0-301F-11D3-BF4B-00C04F79EFBC}") = "webapp", "webapp\webapp.csproj", "{3025B1DC-CBF1-4FE0-B28C-1B88D535437F}"
EndProject
Global
	GlobalSection(SolutionConfigurationPlatforms) = preSolution
		Debug|Any CPU = Debug|Any CPU
		Release|Any CPU = Release|Any CPU
	EndGlobalSection
	GlobalSection(ProjectConfigurationPlatforms) = postSolution
		{3025B1DC-CBF1-4FE0-B28C-1B88D535437F}.Debug|Any CPU.ActiveCfg = Debug|Any CPU
		{3025B1DC-CBF1-4FE0-B28C-1B88D535437F}.Debug|Any CPU.Build.0 = Debug|Any CPU
		{3025B1DC-CBF1-4FE0-B28C-1B88D535437F}.Release|Any CPU.ActiveCfg = Release|Any CPU
		{3025B1DC-CBF1-4FE0-B28C-1B88D535437F}.Release|Any CPU.Build.0 = Release|Any CPU
	EndGlobalSection
	GlobalSection(SolutionProperties) = preSolution
		HideSolutionNode = FALSE
	EndGlobalSection
	GlobalSection(ExtensibilityGlobals) = postSolution
		SolutionGuid = {73B3B251-3FCE-4F98-9943-BB8AB2D6D913}
	EndGlobalSection
EndGlobal
